Microsoft Visual Studio Solution File, Format Version 12.00
# Visual Studio 15
VisualStudioVersion = 15.0.26430.16
MinimumVisualStudioVersion = 15.0.26124.0
Project("{9A19103F-16F7-4668-BE54-9A1E7A4F7556}") = "Spectre.CommandLine", "Spectre.CommandLine\Spectre.CommandLine.csproj", "{F50E199A-71E4-4724-B53D-42F25E9C1B66}"
EndProject
Project("{9A19103F-16F7-4668-BE54-9A1E7A4F7556}") = "Spectre.CommandLine.Tests", "Spectre.CommandLine.Tests\Spectre.CommandLine.Tests.csproj", "{1C4E650D-A747-44C4-A0D0-D5DB7B7FD7B9}"
EndProject
Project("{2150E333-8FDC-42A3-9474-1A3956D46DE8}") = "Sample", "Sample", "{80D5749A-3D76-4161-AEC9-821025D88CF8}"
EndProject
Project("{FAE04EC0-301F-11D3-BF4B-00C04F79EFBC}") = "Sample", "..\sample\Sample.csproj", "{AB5BD3B4-EAF8-4C23-AA14-AF25B0F7F834}"
EndProject
Global
	GlobalSection(SolutionConfigurationPlatforms) = preSolution
		Debug|Any CPU = Debug|Any CPU
		Debug|x64 = Debug|x64
		Debug|x86 = Debug|x86
		Release|Any CPU = Release|Any CPU
		Release|x64 = Release|x64
		Release|x86 = Release|x86
	EndGlobalSection
	GlobalSection(ProjectConfigurationPlatforms) = postSolution
		{F50E199A-71E4-4724-B53D-42F25E9C1B66}.Debug|Any CPU.ActiveCfg = Debug|Any CPU
		{F50E199A-71E4-4724-B53D-42F25E9C1B66}.Debug|Any CPU.Build.0 = Debug|Any CPU
		{F50E199A-71E4-4724-B53D-42F25E9C1B66}.Debug|x64.ActiveCfg = Debug|Any CPU
		{F50E199A-71E4-4724-B53D-42F25E9C1B66}.Debug|x64.Build.0 = Debug|Any CPU
		{F50E199A-71E4-4724-B53D-42F25E9C1B66}.Debug|x86.ActiveCfg = Debug|Any CPU
		{F50E199A-71E4-4724-B53D-42F25E9C1B66}.Debug|x86.Build.0 = Debug|Any CPU
		{F50E199A-71E4-4724-B53D-42F25E9C1B66}.Release|Any CPU.ActiveCfg = Release|Any CPU
		{F50E199A-71E4-4724-B53D-42F25E9C1B66}.Release|Any CPU.Build.0 = Release|Any CPU
		{F50E199A-71E4-4724-B53D-42F25E9C1B66}.Release|x64.ActiveCfg = Release|Any CPU
		{F50E199A-71E4-4724-B53D-42F25E9C1B66}.Release|x64.Build.0 = Release|Any CPU
		{F50E199A-71E4-4724-B53D-42F25E9C1B66}.Release|x86.ActiveCfg = Release|Any CPU
		{F50E199A-71E4-4724-B53D-42F25E9C1B66}.Release|x86.Build.0 = Release|Any CPU
		{1C4E650D-A747-44C4-A0D0-D5DB7B7FD7B9}.Debug|Any CPU.ActiveCfg = Debug|Any CPU
		{1C4E650D-A747-44C4-A0D0-D5DB7B7FD7B9}.Debug|Any CPU.Build.0 = Debug|Any CPU
		{1C4E650D-A747-44C4-A0D0-D5DB7B7FD7B9}.Debug|x64.ActiveCfg = Debug|Any CPU
		{1C4E650D-A747-44C4-A0D0-D5DB7B7FD7B9}.Debug|x64.Build.0 = Debug|Any CPU
		{1C4E650D-A747-44C4-A0D0-D5DB7B7FD7B9}.Debug|x86.ActiveCfg = Debug|Any CPU
		{1C4E650D-A747-44C4-A0D0-D5DB7B7FD7B9}.Debug|x86.Build.0 = Debug|Any CPU
		{1C4E650D-A747-44C4-A0D0-D5DB7B7FD7B9}.Release|Any CPU.ActiveCfg = Release|Any CPU
		{1C4E650D-A747-44C4-A0D0-D5DB7B7FD7B9}.Release|Any CPU.Build.0 = Release|Any CPU
		{1C4E650D-A747-44C4-A0D0-D5DB7B7FD7B9}.Release|x64.ActiveCfg = Release|Any CPU
		{1C4E650D-A747-44C4-A0D0-D5DB7B7FD7B9}.Release|x64.Build.0 = Release|Any CPU
		{1C4E650D-A747-44C4-A0D0-D5DB7B7FD7B9}.Release|x86.ActiveCfg = Release|Any CPU
		{1C4E650D-A747-44C4-A0D0-D5DB7B7FD7B9}.Release|x86.Build.0 = Release|Any CPU
		{AB5BD3B4-EAF8-4C23-AA14-AF25B0F7F834}.Debug|Any CPU.ActiveCfg = Debug|Any CPU
		{AB5BD3B4-EAF8-4C23-AA14-AF25B0F7F834}.Debug|Any CPU.Build.0 = Debug|Any CPU
		{AB5BD3B4-EAF8-4C23-AA14-AF25B0F7F834}.Debug|x64.ActiveCfg = Debug|x64
		{AB5BD3B4-EAF8-4C23-AA14-AF25B0F7F834}.Debug|x64.Build.0 = Debug|x64
		{AB5BD3B4-EAF8-4C23-AA14-AF25B0F7F834}.Debug|x86.ActiveCfg = Debug|x86
		{AB5BD3B4-EAF8-4C23-AA14-AF25B0F7F834}.Debug|x86.Build.0 = Debug|x86
		{AB5BD3B4-EAF8-4C23-AA14-AF25B0F7F834}.Release|Any CPU.ActiveCfg = Release|Any CPU
		{AB5BD3B4-EAF8-4C23-AA14-AF25B0F7F834}.Release|Any CPU.Build.0 = Release|Any CPU
		{AB5BD3B4-EAF8-4C23-AA14-AF25B0F7F834}.Release|x64.ActiveCfg = Release|x64
		{AB5BD3B4-EAF8-4C23-AA14-AF25B0F7F834}.Release|x64.Build.0 = Release|x64
		{AB5BD3B4-EAF8-4C23-AA14-AF25B0F7F834}.Release|x86.ActiveCfg = Release|x86
		{AB5BD3B4-EAF8-4C23-AA14-AF25B0F7F834}.Release|x86.Build.0 = Release|x86
	EndGlobalSection
	GlobalSection(SolutionProperties) = preSolution
		HideSolutionNode = FALSE
	EndGlobalSection
	GlobalSection(NestedProjects) = preSolution
		{AB5BD3B4-EAF8-4C23-AA14-AF25B0F7F834} = {80D5749A-3D76-4161-AEC9-821025D88CF8}
	EndGlobalSection
EndGlobal
