
Microsoft Visual Studio Solution File, Format Version 12.00
# Visual Studio Version 16
VisualStudioVersion = 16.0.29403.142
MinimumVisualStudioVersion = 15.0.26124.0
Project("{9A19103F-16F7-4668-BE54-9A1E7A4F7556}") = "Spectre.Cli", "Spectre.Cli\Spectre.Cli.csproj", "{F50E199A-71E4-4724-B53D-42F25E9C1B66}"
EndProject
Project("{9A19103F-16F7-4668-BE54-9A1E7A4F7556}") = "Spectre.Cli.Tests", "Spectre.Cli.Tests\Spectre.Cli.Tests.csproj", "{1C4E650D-A747-44C4-A0D0-D5DB7B7FD7B9}"
EndProject
Project("{2150E333-8FDC-42A3-9474-1A3956D46DE8}") = "Examples", "Examples", "{10A85EE7-DCD2-4B11-BE48-B93B340B247B}"
EndProject
Project("{9A19103F-16F7-4668-BE54-9A1E7A4F7556}") = "Simple", "..\samples\Simple\Simple.csproj", "{71158628-01CA-423C-9579-AD9BA4A92723}"
EndProject
Project("{9A19103F-16F7-4668-BE54-9A1E7A4F7556}") = "Advanced", "..\samples\Advanced\Advanced.csproj", "{200D9893-8C63-4652-ADEB-7A717AD7C57F}"
EndProject
Project("{9A19103F-16F7-4668-BE54-9A1E7A4F7556}") = "Spectre.Cli.Testing", "Spectre.Cli.Testing\Spectre.Cli.Testing.csproj", "{1768622C-893A-4E39-9510-D43AFD3A7BB5}"
EndProject
Project("{2150E333-8FDC-42A3-9474-1A3956D46DE8}") = "Solution Items", "Solution Items", "{5FC0717A-740F-4385-8BC0-83E4CB356C58}"
	ProjectSection(SolutionItems) = preProject
		.editorconfig = .editorconfig
		Directory.Build.props = Directory.Build.props
		Directory.Build.targets = Directory.Build.targets
		stylecop.json = stylecop.json
	EndProjectSection
EndProject
Global
	GlobalSection(SolutionConfigurationPlatforms) = preSolution
		Debug|Any CPU = Debug|Any CPU
		Debug|x64 = Debug|x64
		Debug|x86 = Debug|x86
		Release|Any CPU = Release|Any CPU
		Release|x64 = Release|x64
		Release|x86 = Release|x86
	EndGlobalSection
	GlobalSection(ProjectConfigurationPlatforms) = postSolution
		{F50E199A-71E4-4724-B53D-42F25E9C1B66}.Debug|Any CPU.ActiveCfg = Debug|Any CPU
		{F50E199A-71E4-4724-B53D-42F25E9C1B66}.Debug|Any CPU.Build.0 = Debug|Any CPU
		{F50E199A-71E4-4724-B53D-42F25E9C1B66}.Debug|x64.ActiveCfg = Debug|Any CPU
		{F50E199A-71E4-4724-B53D-42F25E9C1B66}.Debug|x64.Build.0 = Debug|Any CPU
		{F50E199A-71E4-4724-B53D-42F25E9C1B66}.Debug|x86.ActiveCfg = Debug|Any CPU
		{F50E199A-71E4-4724-B53D-42F25E9C1B66}.Debug|x86.Build.0 = Debug|Any CPU
		{F50E199A-71E4-4724-B53D-42F25E9C1B66}.Release|Any CPU.ActiveCfg = Release|Any CPU
		{F50E199A-71E4-4724-B53D-42F25E9C1B66}.Release|Any CPU.Build.0 = Release|Any CPU
		{F50E199A-71E4-4724-B53D-42F25E9C1B66}.Release|x64.ActiveCfg = Release|Any CPU
		{F50E199A-71E4-4724-B53D-42F25E9C1B66}.Release|x64.Build.0 = Release|Any CPU
		{F50E199A-71E4-4724-B53D-42F25E9C1B66}.Release|x86.ActiveCfg = Release|Any CPU
		{F50E199A-71E4-4724-B53D-42F25E9C1B66}.Release|x86.Build.0 = Release|Any CPU
		{1C4E650D-A747-44C4-A0D0-D5DB7B7FD7B9}.Debug|Any CPU.ActiveCfg = Debug|Any CPU
		{1C4E650D-A747-44C4-A0D0-D5DB7B7FD7B9}.Debug|Any CPU.Build.0 = Debug|Any CPU
		{1C4E650D-A747-44C4-A0D0-D5DB7B7FD7B9}.Debug|x64.ActiveCfg = Debug|Any CPU
		{1C4E650D-A747-44C4-A0D0-D5DB7B7FD7B9}.Debug|x64.Build.0 = Debug|Any CPU
		{1C4E650D-A747-44C4-A0D0-D5DB7B7FD7B9}.Debug|x86.ActiveCfg = Debug|Any CPU
		{1C4E650D-A747-44C4-A0D0-D5DB7B7FD7B9}.Debug|x86.Build.0 = Debug|Any CPU
		{1C4E650D-A747-44C4-A0D0-D5DB7B7FD7B9}.Release|Any CPU.ActiveCfg = Release|Any CPU
		{1C4E650D-A747-44C4-A0D0-D5DB7B7FD7B9}.Release|Any CPU.Build.0 = Release|Any CPU
		{1C4E650D-A747-44C4-A0D0-D5DB7B7FD7B9}.Release|x64.ActiveCfg = Release|Any CPU
		{1C4E650D-A747-44C4-A0D0-D5DB7B7FD7B9}.Release|x64.Build.0 = Release|Any CPU
		{1C4E650D-A747-44C4-A0D0-D5DB7B7FD7B9}.Release|x86.ActiveCfg = Release|Any CPU
		{1C4E650D-A747-44C4-A0D0-D5DB7B7FD7B9}.Release|x86.Build.0 = Release|Any CPU
		{71158628-01CA-423C-9579-AD9BA4A92723}.Debug|Any CPU.ActiveCfg = Debug|Any CPU
		{71158628-01CA-423C-9579-AD9BA4A92723}.Debug|Any CPU.Build.0 = Debug|Any CPU
		{71158628-01CA-423C-9579-AD9BA4A92723}.Debug|x64.ActiveCfg = Debug|Any CPU
		{71158628-01CA-423C-9579-AD9BA4A92723}.Debug|x64.Build.0 = Debug|Any CPU
		{71158628-01CA-423C-9579-AD9BA4A92723}.Debug|x86.ActiveCfg = Debug|Any CPU
		{71158628-01CA-423C-9579-AD9BA4A92723}.Debug|x86.Build.0 = Debug|Any CPU
		{71158628-01CA-423C-9579-AD9BA4A92723}.Release|Any CPU.ActiveCfg = Release|Any CPU
		{71158628-01CA-423C-9579-AD9BA4A92723}.Release|Any CPU.Build.0 = Release|Any CPU
		{71158628-01CA-423C-9579-AD9BA4A92723}.Release|x64.ActiveCfg = Release|Any CPU
		{71158628-01CA-423C-9579-AD9BA4A92723}.Release|x64.Build.0 = Release|Any CPU
		{71158628-01CA-423C-9579-AD9BA4A92723}.Release|x86.ActiveCfg = Release|Any CPU
		{71158628-01CA-423C-9579-AD9BA4A92723}.Release|x86.Build.0 = Release|Any CPU
		{200D9893-8C63-4652-ADEB-7A717AD7C57F}.Debug|Any CPU.ActiveCfg = Debug|Any CPU
		{200D9893-8C63-4652-ADEB-7A717AD7C57F}.Debug|Any CPU.Build.0 = Debug|Any CPU
		{200D9893-8C63-4652-ADEB-7A717AD7C57F}.Debug|x64.ActiveCfg = Debug|Any CPU
		{200D9893-8C63-4652-ADEB-7A717AD7C57F}.Debug|x64.Build.0 = Debug|Any CPU
		{200D9893-8C63-4652-ADEB-7A717AD7C57F}.Debug|x86.ActiveCfg = Debug|Any CPU
		{200D9893-8C63-4652-ADEB-7A717AD7C57F}.Debug|x86.Build.0 = Debug|Any CPU
		{200D9893-8C63-4652-ADEB-7A717AD7C57F}.Release|Any CPU.ActiveCfg = Release|Any CPU
		{200D9893-8C63-4652-ADEB-7A717AD7C57F}.Release|Any CPU.Build.0 = Release|Any CPU
		{200D9893-8C63-4652-ADEB-7A717AD7C57F}.Release|x64.ActiveCfg = Release|Any CPU
		{200D9893-8C63-4652-ADEB-7A717AD7C57F}.Release|x64.Build.0 = Release|Any CPU
		{200D9893-8C63-4652-ADEB-7A717AD7C57F}.Release|x86.ActiveCfg = Release|Any CPU
		{200D9893-8C63-4652-ADEB-7A717AD7C57F}.Release|x86.Build.0 = Release|Any CPU
		{1768622C-893A-4E39-9510-D43AFD3A7BB5}.Debug|Any CPU.ActiveCfg = Debug|Any CPU
		{1768622C-893A-4E39-9510-D43AFD3A7BB5}.Debug|Any CPU.Build.0 = Debug|Any CPU
		{1768622C-893A-4E39-9510-D43AFD3A7BB5}.Debug|x64.ActiveCfg = Debug|Any CPU
		{1768622C-893A-4E39-9510-D43AFD3A7BB5}.Debug|x64.Build.0 = Debug|Any CPU
		{1768622C-893A-4E39-9510-D43AFD3A7BB5}.Debug|x86.ActiveCfg = Debug|Any CPU
		{1768622C-893A-4E39-9510-D43AFD3A7BB5}.Debug|x86.Build.0 = Debug|Any CPU
		{1768622C-893A-4E39-9510-D43AFD3A7BB5}.Release|Any CPU.ActiveCfg = Release|Any CPU
		{1768622C-893A-4E39-9510-D43AFD3A7BB5}.Release|Any CPU.Build.0 = Release|Any CPU
		{1768622C-893A-4E39-9510-D43AFD3A7BB5}.Release|x64.ActiveCfg = Release|Any CPU
		{1768622C-893A-4E39-9510-D43AFD3A7BB5}.Release|x64.Build.0 = Release|Any CPU
		{1768622C-893A-4E39-9510-D43AFD3A7BB5}.Release|x86.ActiveCfg = Release|Any CPU
		{1768622C-893A-4E39-9510-D43AFD3A7BB5}.Release|x86.Build.0 = Release|Any CPU
	EndGlobalSection
	GlobalSection(SolutionProperties) = preSolution
		HideSolutionNode = FALSE
	EndGlobalSection
	GlobalSection(NestedProjects) = preSolution
		{71158628-01CA-423C-9579-AD9BA4A92723} = {10A85EE7-DCD2-4B11-BE48-B93B340B247B}
		{200D9893-8C63-4652-ADEB-7A717AD7C57F} = {10A85EE7-DCD2-4B11-BE48-B93B340B247B}
	EndGlobalSection
	GlobalSection(ExtensibilityGlobals) = postSolution
		SolutionGuid = {9F42C737-45EA-4E96-9855-84B8F32223CA}
	EndGlobalSection
EndGlobal
